
Microsoft Visual Studio Solution File, Format Version 12.00
# Visual Studio Version 17
VisualStudioVersion = 17.10.35013.160
MinimumVisualStudioVersion = 10.0.40219.1
Project("{FAE04EC0-301F-11D3-BF4B-00C04F79EFBC}") = "PracticeCoffeeList", "PracticeCoffeeList\PracticeCoffeeList.csproj", "{D8B068B7-F856-4647-979B-ACC45280EC27}"
EndProject
Global
	GlobalSection(SolutionConfigurationPlatforms) = preSolution
		Debug|Any CPU = Debug|Any CPU
		Release|Any CPU = Release|Any CPU
	EndGlobalSection
	GlobalSection(ProjectConfigurationPlatforms) = postSolution
		{D8B068B7-F856-4647-979B-ACC45280EC27}.Debug|Any CPU.ActiveCfg = Debug|Any CPU
		{D8B068B7-F856-4647-979B-ACC45280EC27}.Debug|Any CPU.Build.0 = Debug|Any CPU
		{D8B068B7-F856-4647-979B-ACC45280EC27}.Release|Any CPU.ActiveCfg = Release|Any CPU
		{D8B068B7-F856-4647-979B-ACC45280EC27}.Release|Any CPU.Build.0 = Release|Any CPU
	EndGlobalSection
	GlobalSection(SolutionProperties) = preSolution
		HideSolutionNode = FALSE
	EndGlobalSection
	GlobalSection(ExtensibilityGlobals) = postSolution
		SolutionGuid = {E9DCAD51-7BBF-4E5A-A071-17EFEDB5733B}
	EndGlobalSection
EndGlobal
